
Microsoft Visual Studio Solution File, Format Version 12.00
# Visual Studio Version 17
VisualStudioVersion = 17.10.35122.118
MinimumVisualStudioVersion = 10.0.40219.1
Project("{FAE04EC0-301F-11D3-BF4B-00C04F79EFBC}") = "PictureViewer", "PictureViewer.csproj", "{C4505B5B-2D94-49B2-B059-649589683453}"
EndProject
Global
	GlobalSection(SolutionConfigurationPlatforms) = preSolution
		Debug|Any CPU = Debug|Any CPU
		Release|Any CPU = Release|Any CPU
	EndGlobalSection
	GlobalSection(ProjectConfigurationPlatforms) = postSolution
		{C4505B5B-2D94-49B2-B059-649589683453}.Debug|Any CPU.ActiveCfg = Debug|Any CPU
		{C4505B5B-2D94-49B2-B059-649589683453}.Debug|Any CPU.Build.0 = Debug|Any CPU
		{C4505B5B-2D94-49B2-B059-649589683453}.Release|Any CPU.ActiveCfg = Release|Any CPU
		{C4505B5B-2D94-49B2-B059-649589683453}.Release|Any CPU.Build.0 = Release|Any CPU
	EndGlobalSection
	GlobalSection(SolutionProperties) = preSolution
		HideSolutionNode = FALSE
	EndGlobalSection
	GlobalSection(ExtensibilityGlobals) = postSolution
		SolutionGuid = {8D63394E-4D1A-4A14-A3A7-DF298482921E}
	EndGlobalSection
EndGlobal
